# Generated by buf. DO NOT EDIT.
version: v2
deps:
  - name: buf.build/arkade-os/arkd
    commit: 8bca91d6208347029a22e2f1dbc43ef7
    digest: b5:86dc289cde802f14087682d85c6096dd76f6d014da8927a997e79452a8ca4041b4254d00dfc21d14588068be49c357515379c111c43c82a97635b1ddcb877332
  - name: buf.build/googleapis/googleapis
    commit: 61b203b9a9164be9a834f58c37be6f62
    digest: b5:7811a98b35bd2e4ae5c3ac73c8b3d9ae429f3a790da15de188dc98fc2b77d6bb10e45711f14903af9553fa9821dff256054f2e4b7795789265bc476bec2f088c
